
Microsoft Visual Studio Solution File, Format Version 12.00
# Visual Studio Version 17
VisualStudioVersion = 17.9.34622.214
MinimumVisualStudioVersion = 10.0.40219.1
Project("{9A19103F-16F7-4668-BE54-9A1E7A4F7556}") = "ExamenIJhonnRojas", "ExamenIJhonnRojas\ExamenIJhonnRojas.csproj", "{A18DAC64-2EDE-4D0E-8EA7-753C284E2C3B}"
EndProject
Project("{FAE04EC0-301F-11D3-BF4B-00C04F79EFBC}") = "NLayer.Arquitecture.Business.Services", "NLayer.Arquitecture.Business.Services\NLayer.Arquitecture.Business.Services.csproj", "{091D4FD4-795E-497A-BD36-1E6A3BC94E74}"
EndProject
Global
	GlobalSection(SolutionConfigurationPlatforms) = preSolution
		Debug|Any CPU = Debug|Any CPU
		Release|Any CPU = Release|Any CPU
	EndGlobalSection
	GlobalSection(ProjectConfigurationPlatforms) = postSolution
		{A18DAC64-2EDE-4D0E-8EA7-753C284E2C3B}.Debug|Any CPU.ActiveCfg = Debug|Any CPU
		{A18DAC64-2EDE-4D0E-8EA7-753C284E2C3B}.Debug|Any CPU.Build.0 = Debug|Any CPU
		{A18DAC64-2EDE-4D0E-8EA7-753C284E2C3B}.Release|Any CPU.ActiveCfg = Release|Any CPU
		{A18DAC64-2EDE-4D0E-8EA7-753C284E2C3B}.Release|Any CPU.Build.0 = Release|Any CPU
		{091D4FD4-795E-497A-BD36-1E6A3BC94E74}.Debug|Any CPU.ActiveCfg = Debug|Any CPU
		{091D4FD4-795E-497A-BD36-1E6A3BC94E74}.Debug|Any CPU.Build.0 = Debug|Any CPU
		{091D4FD4-795E-497A-BD36-1E6A3BC94E74}.Release|Any CPU.ActiveCfg = Release|Any CPU
		{091D4FD4-795E-497A-BD36-1E6A3BC94E74}.Release|Any CPU.Build.0 = Release|Any CPU
	EndGlobalSection
	GlobalSection(SolutionProperties) = preSolution
		HideSolutionNode = FALSE
	EndGlobalSection
	GlobalSection(ExtensibilityGlobals) = postSolution
		SolutionGuid = {053D0749-73A1-413D-A521-4128E1FC657A}
	EndGlobalSection
EndGlobal
